{
  "name": "Gluon-Test",
  "lockfileVersion": 3,
  "requires": true,
  "packages": {
    "": {
      "dependencies": {
        "@gluon-framework/gluon": "^0.14.0"
      }
    },
    "node_modules/@gluon-framework/gluon": {
      "version": "0.14.0",
      "resolved": "https://registry.npmjs.org/@gluon-framework/gluon/-/gluon-0.14.0.tgz",
      "integrity": "sha512-tQFy1Esuy5U6A7pmlMtgY6qu7juQm4ETMDvKAMbS4gETKoY6NsoUKlmEmKrCN1SJR5CBzPbsTQw0LjgFA9BXVQ==",
      "dependencies": {
        "ws": "^8.11.0"
      }
    },
    "node_modules/ws": {
      "version": "8.14.2",
      "resolved": "https://registry.npmjs.org/ws/-/ws-8.14.2.tgz",
      "integrity": "sha512-wEBG1ftX4jcglPxgFCMJmZ2PLtSbJ2Peg6TmpJFTbe9GZYOQCDPdMYu/Tm0/bGZkw8paZnJY45J4K2PZrLYq8g==",
      "engines": {
        "node": ">=10.0.0"
      },
      "peerDependencies": {
        "bufferutil": "^4.0.1",
        "utf-8-validate": ">=5.0.2"
      },
      "peerDependenciesMeta": {
        "bufferutil": {
          "optional": true
        },
        "utf-8-validate": {
          "optional": true
        }
      }
    }
  }
}
